
Microsoft Visual Studio Solution File, Format Version 12.00
# Visual Studio Version 16
VisualStudioVersion = 16.0.31829.152
MinimumVisualStudioVersion = 10.0.40219.1
Project("{9A19103F-16F7-4668-BE54-9A1E7A4F7556}") = "Cinema_PE", "Cinema_PE\Cinema_PE.csproj", "{6F2A43B3-93ED-492B-845A-2CCF6E2D7B1F}"
EndProject
Global
	GlobalSection(SolutionConfigurationPlatforms) = preSolution
		Debug|Any CPU = Debug|Any CPU
		Release|Any CPU = Release|Any CPU
	EndGlobalSection
	GlobalSection(ProjectConfigurationPlatforms) = postSolution
		{6F2A43B3-93ED-492B-845A-2CCF6E2D7B1F}.Debug|Any CPU.ActiveCfg = Debug|Any CPU
		{6F2A43B3-93ED-492B-845A-2CCF6E2D7B1F}.Debug|Any CPU.Build.0 = Debug|Any CPU
		{6F2A43B3-93ED-492B-845A-2CCF6E2D7B1F}.Release|Any CPU.ActiveCfg = Release|Any CPU
		{6F2A43B3-93ED-492B-845A-2CCF6E2D7B1F}.Release|Any CPU.Build.0 = Release|Any CPU
	EndGlobalSection
	GlobalSection(SolutionProperties) = preSolution
		HideSolutionNode = FALSE
	EndGlobalSection
	GlobalSection(ExtensibilityGlobals) = postSolution
		SolutionGuid = {DDD06227-B126-4C85-B8C3-4E7E64CBEBF2}
	EndGlobalSection
EndGlobal
